// !$*UTF8*$!
{
	archiveVersion = 1;
	classes = {
	};
	objectVersion = 50;
	objects = {

/* Begin PBXBuildFile section */
		1036472C2186C2F200A7673B /* AppDelegate.swift in Sources */ = {isa = PBXBuildFile; fileRef = 1036472B2186C2F200A7673B /* AppDelegate.swift */; };
		1036472E2186C2F200A7673B /* ViewController.swift in Sources */ = {isa = PBXBuildFile; fileRef = 1036472D2186C2F200A7673B /* ViewController.swift */; };
		103647312186C2F200A7673B /* Main.storyboard in Resources */ = {isa = PBXBuildFile; fileRef = 1036472F2186C2F200A7673B /* Main.storyboard */; };
		103647332186C2FA00A7673B /* Assets.xcassets in Resources */ = {isa = PBXBuildFile; fileRef = 103647322186C2FA00A7673B /* Assets.xcassets */; };
		103647362186C2FA00A7673B /* LaunchScreen.storyboard in Resources */ = {isa = PBXBuildFile; fileRef = 103647342186C2FA00A7673B /* LaunchScreen.storyboard */; };
		103647412186C2FB00A7673B /* Gnomo_QuizzTests.swift in Sources */ = {isa = PBXBuildFile; fileRef = 103647402186C2FB00A7673B /* Gnomo_QuizzTests.swift */; };
/* End PBXBuildFile section */

/* Begin PBXContainerItemProxy section */
		1036473D2186C2FB00A7673B /* PBXContainerItemProxy */ = {
			isa = PBXContainerItemProxy;
			containerPortal = 103647202186C2F100A7673B /* Project object */;
			proxyType = 1;
			remoteGlobalIDString = 103647272186C2F200A7673B;
			remoteInfo = "Gnomo Quizz";
		};
/* End PBXContainerItemProxy section */

/* Begin PBXFileReference section */
		103647282186C2F200A7673B /* Gnomo Quizz.app */ = {isa = PBXFileReference; explicitFileType = wrapper.application; includeInIndex = 0; path = "Gnomo Quizz.app"; sourceTree = BUILT_PRODUCTS_DIR; };
		1036472B2186C2F200A7673B /* AppDelegate.swift */ = {isa = PBXFileReference; lastKnownFileType = sourcecode.swift; path = AppDelegate.swift; sourceTree = "<group>"; };
		1036472D2186C2F200A7673B /* ViewController.swift */ = {isa = PBXFileReference; lastKnownFileType = sourcecode.swift; path = ViewController.swift; sourceTree = "<group>"; };
		103647302186C2F200A7673B /* Base */ = {isa = PBXFileReference; lastKnownFileType = file.storyboard; name = Base; path = Base.lproj/Main.storyboard; sourceTree = "<group>"; };
		103647322186C2FA00A7673B /* Assets.xcassets */ = {isa = PBXFileReference; lastKnownFileType = folder.assetcatalog; path = Assets.xcassets; sourceTree = "<group>"; };
		103647352186C2FA00A7673B /* Base */ = {isa = PBXFileReference; lastKnownFileType = file.storyboard; name = Base; path = Base.lproj/LaunchScreen.storyboard; sourceTree = "<group>"; };
		103647372186C2FA00A7673B /* Info.plist */ = {isa = PBXFileReference; lastKnownFileType = text.plist.xml; path = Info.plist; sourceTree = "<group>"; };
		1036473C2186C2FB00A7673B /* Gnomo QuizzTests.xctest */ = {isa = PBXFileReference; explicitFileType = wrapper.cfbundle; includeInIndex = 0; path = "Gnomo QuizzTests.xctest"; sourceTree = BUILT_PRODUCTS_DIR; };
		103647402186C2FB00A7673B /* Gnomo_QuizzTests.swift */ = {isa = PBXFileReference; lastKnownFileType = sourcecode.swift; path = Gnomo_QuizzTests.swift; sourceTree = "<group>"; };
		103647422186C2FB00A7673B /* Info.plist */ = {isa = PBXFileReference; lastKnownFileType = text.plist.xml; path = Info.plist; sourceTree = "<group>"; };
/* End PBXFileReference section */

/* Begin PBXFrameworksBuildPhase section */
		103647252186C2F200A7673B /* Frameworks */ = {
			isa = PBXFrameworksBuildPhase;
			buildActionMask = 2147483647;
			files = (
			);
			runOnlyForDeploymentPostprocessing = 0;
		};
		103647392186C2FB00A7673B /* Frameworks */ = {
			isa = PBXFrameworksBuildPhase;
			buildActionMask = 2147483647;
			files = (
			);
			runOnlyForDeploymentPostprocessing = 0;
		};
/* End PBXFrameworksBuildPhase section */

/* Begin PBXGroup section */
		1036471F2186C2F100A7673B = {
			isa = PBXGroup;
			children = (
				1036472A2186C2F200A7673B /* Gnomo Quizz */,
				1036473F2186C2FB00A7673B /* Gnomo QuizzTests */,
				103647292186C2F200A7673B /* Products */,
			);
			sourceTree = "<group>";
		};
		103647292186C2F200A7673B /* Products */ = {
			isa = PBXGroup;
			children = (
				103647282186C2F200A7673B /* Gnomo Quizz.app */,
				1036473C2186C2FB00A7673B /* Gnomo QuizzTests.xctest */,
			);
			name = Products;
			sourceTree = "<group>";
		};
		1036472A2186C2F200A7673B /* Gnomo Quizz */ = {
			isa = PBXGroup;
			children = (
				1036472B2186C2F200A7673B /* AppDelegate.swift */,
				1036472D2186C2F200A7673B /* ViewController.swift */,
				1036472F2186C2F200A7673B /* Main.storyboard */,
				103647322186C2FA00A7673B /* Assets.xcassets */,
				103647342186C2FA00A7673B /* LaunchScreen.storyboard */,
				103647372186C2FA00A7673B /* Info.plist */,
			);
			path = "Gnomo Quizz";
			sourceTree = "<group>";
		};
		1036473F2186C2FB00A7673B /* Gnomo QuizzTests */ = {
			isa = PBXGroup;
			children = (
				103647402186C2FB00A7673B /* Gnomo_QuizzTests.swift */,
				103647422186C2FB00A7673B /* Info.plist */,
			);
			path = "Gnomo QuizzTests";
			sourceTree = "<group>";
		};
/* End PBXGroup section */

/* Begin PBXNativeTarget section */
		103647272186C2F200A7673B /* Gnomo Quizz */ = {
			isa = PBXNativeTarget;
			buildConfigurationList = 103647452186C2FB00A7673B /* Build configuration list for PBXNativeTarget "Gnomo Quizz" */;
			buildPhases = (
				103647242186C2F200A7673B /* Sources */,
				103647252186C2F200A7673B /* Frameworks */,
				103647262186C2F200A7673B /* Resources */,
			);
			buildRules = (
			);
			dependencies = (
			);
			name = "Gnomo Quizz";
			productName = "Gnomo Quizz";
			productReference = 103647282186C2F200A7673B /* Gnomo Quizz.app */;
			productType = "com.apple.product-type.application";
		};
		1036473B2186C2FB00A7673B /* Gnomo QuizzTests */ = {
			isa = PBXNativeTarget;
			buildConfigurationList = 103647482186C2FB00A7673B /* Build configuration list for PBXNativeTarget "Gnomo QuizzTests" */;
			buildPhases = (
				103647382186C2FB00A7673B /* Sources */,
				103647392186C2FB00A7673B /* Frameworks */,
				1036473A2186C2FB00A7673B /* Resources */,
			);
			buildRules = (
			);
			dependencies = (
				1036473E2186C2FB00A7673B /* PBXTargetDependency */,
			);
			name = "Gnomo QuizzTests";
			productName = "Gnomo QuizzTests";
			productReference = 1036473C2186C2FB00A7673B /* Gnomo QuizzTests.xctest */;
			productType = "com.apple.product-type.bundle.unit-test";
		};
/* End PBXNativeTarget section */

/* Begin PBXProject section */
		103647202186C2F100A7673B /* Project object */ = {
			isa = PBXProject;
			attributes = {
				LastSwiftUpdateCheck = 0930;
				LastUpgradeCheck = 0930;
				ORGANIZATIONNAME = elGnomo;
				TargetAttributes = {
					103647272186C2F200A7673B = {
						CreatedOnToolsVersion = 9.3;
					};
					1036473B2186C2FB00A7673B = {
						CreatedOnToolsVersion = 9.3;
						TestTargetID = 103647272186C2F200A7673B;
					};
				};
			};
			buildConfigurationList = 103647232186C2F100A7673B /* Build configuration list for PBXProject "Gnomo Quizz" */;
			compatibilityVersion = "Xcode 9.3";
			developmentRegion = en;
			hasScannedForEncodings = 0;
			knownRegions = (
				en,
				Base,
			);
			mainGroup = 1036471F2186C2F100A7673B;
			productRefGroup = 103647292186C2F200A7673B /* Products */;
			projectDirPath = "";
			projectRoot = "";
			targets = (
				103647272186C2F200A7673B /* Gnomo Quizz */,
				1036473B2186C2FB00A7673B /* Gnomo QuizzTests */,
			);
		};
/* End PBXProject section */

/* Begin PBXResourcesBuildPhase section */
		103647262186C2F200A7673B /* Resources */ = {
			isa = PBXResourcesBuildPhase;
			buildActionMask = 2147483647;
			files = (
				103647362186C2FA00A7673B /* LaunchScreen.storyboard in Resources */,
				103647332186C2FA00A7673B /* Assets.xcassets in Resources */,
				103647312186C2F200A7673B /* Main.storyboard in Resources */,
			);
			runOnlyForDeploymentPostprocessing = 0;
		};
		1036473A2186C2FB00A7673B /* Resources */ = {
			isa = PBXResourcesBuildPhase;
			buildActionMask = 2147483647;
			files = (
			);
			runOnlyForDeploymentPostprocessing = 0;
		};
/* End PBXResourcesBuildPhase section */

/* Begin PBXSourcesBuildPhase section */
		103647242186C2F200A7673B /* Sources */ = {
			isa = PBXSourcesBuildPhase;
			buildActionMask = 2147483647;
			files = (
				1036472E2186C2F200A7673B /* ViewController.swift in Sources */,
				1036472C2186C2F200A7673B /* AppDelegate.swift in Sources */,
			);
			runOnlyForDeploymentPostprocessing = 0;
		};
		103647382186C2FB00A7673B /* Sources */ = {
			isa = PBXSourcesBuildPhase;
			buildActionMask = 2147483647;
			files = (
				103647412186C2FB00A7673B /* Gnomo_QuizzTests.swift in Sources */,
			);
			runOnlyForDeploymentPostprocessing = 0;
		};
/* End PBXSourcesBuildPhase section */

/* Begin PBXTargetDependency section */
		1036473E2186C2FB00A7673B /* PBXTargetDependency */ = {
			isa = PBXTargetDependency;
			target = 103647272186C2F200A7673B /* Gnomo Quizz */;
			targetProxy = 1036473D2186C2FB00A7673B /* PBXContainerItemProxy */;
		};
/* End PBXTargetDependency section */

/* Begin PBXVariantGroup section */
		1036472F2186C2F200A7673B /* Main.storyboard */ = {
			isa = PBXVariantGroup;
			children = (
				103647302186C2F200A7673B /* Base */,
			);
			name = Main.storyboard;
			sourceTree = "<group>";
		};
		103647342186C2FA00A7673B /* LaunchScreen.storyboard */ = {
			isa = PBXVariantGroup;
			children = (
				103647352186C2FA00A7673B /* Base */,
			);
			name = LaunchScreen.storyboard;
			sourceTree = "<group>";
		};
/* End PBXVariantGroup section */

/* Begin XCBuildConfiguration section */
		103647432186C2FB00A7673B /* Debug */ = {
			isa = XCBuildConfiguration;
			buildSettings = {
				ALWAYS_SEARCH_USER_PATHS = NO;
				CLANG_ANALYZER_NONNULL = YES;
				CLANG_ANALYZER_NUMBER_OBJECT_CONVERSION = YES_AGGRESSIVE;
				CLANG_CXX_LANGUAGE_STANDARD = "gnu++14";
				CLANG_CXX_LIBRARY = "libc++";
				CLANG_ENABLE_MODULES = YES;
				CLANG_ENABLE_OBJC_ARC = YES;
				CLANG_ENABLE_OBJC_WEAK = YES;
				CLANG_WARN_BLOCK_CAPTURE_AUTORELEASING = YES;
				CLANG_WARN_BOOL_CONVERSION = YES;
				CLANG_WARN_COMMA = YES;
				CLANG_WARN_CONSTANT_CONVERSION = YES;
				CLANG_WARN_DEPRECATED_OBJC_IMPLEMENTATIONS = YES;
				CLANG_WARN_DIRECT_OBJC_ISA_USAGE = YES_ERROR;
				CLANG_WARN_DOCUMENTATION_COMMENTS = YES;
				CLANG_WARN_EMPTY_BODY = YES;
				CLANG_WARN_ENUM_CONVERSION = YES;
				CLANG_WARN_INFINITE_RECURSION = YES;
				CLANG_WARN_INT_CONVERSION = YES;
				CLANG_WARN_NON_LITERAL_NULL_CONVERSION = YES;
				CLANG_WARN_OBJC_IMPLICIT_RETAIN_SELF = YES;
				CLANG_WARN_OBJC_LITERAL_CONVERSION = YES;
				CLANG_WARN_OBJC_ROOT_CLASS = YES_ERROR;
				CLANG_WARN_RANGE_LOOP_ANALYSIS = YES;
				CLANG_WARN_STRICT_PROTOTYPES = YES;
				CLANG_WARN_SUSPICIOUS_MOVE = YES;
				CLANG_WARN_UNGUARDED_AVAILABILITY = YES_AGGRESSIVE;
				CLANG_WARN_UNREACHABLE_CODE = YES;
				CLANG_WARN__DUPLICATE_METHOD_MATCH = YES;
				CODE_SIGN_IDENTITY = "iPhone Developer";
				COPY_PHASE_STRIP = NO;
				DEBUG_INFORMATION_FORMAT = dwarf;
				ENABLE_STRICT_OBJC_MSGSEND = YES;
				ENABLE_TESTABILITY = YES;
				GCC_C_LANGUAGE_STANDARD = gnu11;
				GCC_DYNAMIC_NO_PIC = NO;
				GCC_NO_COMMON_BLOCKS = YES;
				GCC_OPTIMIZATION_LEVEL = 0;
				GCC_PREPROCESSOR_DEFINITIONS = (
					"DEBUG=1",
					"$(inherited)",
				);
				GCC_WARN_64_TO_32_BIT_CONVERSION = YES;
				GCC_WARN_ABOUT_RETURN_TYPE = YES_ERROR;
				GCC_WARN_UNDECLARED_SELECTOR = YES;
				GCC_WARN_UNINITIALIZED_AUTOS = YES_AGGRESSIVE;
				GCC_WARN_UNUSED_FUNCTION = YES;
				GCC_WARN_UNUSED_VARIABLE = YES;
				IPHONEOS_DEPLOYMENT_TARGET = 11.3;
				MTL_ENABLE_DEBUG_INFO = YES;
				ONLY_ACTIVE_ARCH = YES;
				SDKROOT = iphoneos;
				SWIFT_ACTIVE_COMPILATION_CONDITIONS = DEBUG;
				SWIFT_OPTIMIZATION_LEVEL = "-Onone";
			};
			name = Debug;
		};
		103647442186C2FB00A7673B /* Release */ = {
			isa = XCBuildConfiguration;
			buildSettings = {
				ALWAYS_SEARCH_USER_PATHS = NO;
				CLANG_ANALYZER_NONNULL = YES;
				CLANG_ANALYZER_NUMBER_OBJECT_CONVERSION = YES_AGGRESSIVE;
				CLANG_CXX_LANGUAGE_STANDARD = "gnu++14";
				CLANG_CXX_LIBRARY = "libc++";
				CLANG_ENABLE_MODULES = YES;
				CLANG_ENABLE_OBJC_ARC = YES;
				CLANG_ENABLE_OBJC_WEAK = YES;
				CLANG_WARN_BLOCK_CAPTURE_AUTORELEASING = YES;
				CLANG_WARN_BOOL_CONVERSION = YES;
				CLANG_WARN_COMMA = YES;
				CLANG_WARN_CONSTANT_CONVERSION = YES;
				CLANG_WARN_DEPRECATED_OBJC_IMPLEMENTATIONS = YES;
				CLANG_WARN_DIRECT_OBJC_ISA_USAGE = YES_ERROR;
				CLANG_WARN_DOCUMENTATION_COMMENTS = YES;
				CLANG_WARN_EMPTY_BODY = YES;
				CLANG_WARN_ENUM_CONVERSION = YES;
				CLANG_WARN_INFINITE_RECURSION = YES;
				CLANG_WARN_INT_CONVERSION = YES;
				CLANG_WARN_NON_LITERAL_NULL_CONVERSION = YES;
				CLANG_WARN_OBJC_IMPLICIT_RETAIN_SELF = YES;
				CLANG_WARN_OBJC_LITERAL_CONVERSION = YES;
				CLANG_WARN_OBJC_ROOT_CLASS = YES_ERROR;
				CLANG_WARN_RANGE_LOOP_ANALYSIS = YES;
				CLANG_WARN_STRICT_PROTOTYPES = YES;
				CLANG_WARN_SUSPICIOUS_MOVE = YES;
				CLANG_WARN_UNGUARDED_AVAILABILITY = YES_AGGRESSIVE;
				CLANG_WARN_UNREACHABLE_CODE = YES;
				CLANG_WARN__DUPLICATE_METHOD_MATCH = YES;
				CODE_SIGN_IDENTITY = "iPhone Developer";
				COPY_PHASE_STRIP = NO;
				DEBUG_INFORMATION_FORMAT = "dwarf-with-dsym";
				ENABLE_NS_ASSERTIONS = NO;
				ENABLE_STRICT_OBJC_MSGSEND = YES;
				GCC_C_LANGUAGE_STANDARD = gnu11;
				GCC_NO_COMMON_BLOCKS = YES;
				GCC_WARN_64_TO_32_BIT_CONVERSION = YES;
				GCC_WARN_ABOUT_RETURN_TYPE = YES_ERROR;
				GCC_WARN_UNDECLARED_SELECTOR = YES;
				GCC_WARN_UNINITIALIZED_AUTOS = YES_AGGRESSIVE;
				GCC_WARN_UNUSED_FUNCTION = YES;
				GCC_WARN_UNUSED_VARIABLE = YES;
				IPHONEOS_DEPLOYMENT_TARGET = 11.3;
				MTL_ENABLE_DEBUG_INFO = NO;
				SDKROOT = iphoneos;
				SWIFT_COMPILATION_MODE = wholemodule;
				SWIFT_OPTIMIZATION_LEVEL = "-O";
				VALIDATE_PRODUCT = YES;
			};
			name = Release;
		};
		103647462186C2FB00A7673B /* Debug */ = {
			isa = XCBuildConfiguration;
			buildSettings = {
				ASSETCATALOG_COMPILER_APPICON_NAME = AppIcon;
				CODE_SIGN_STYLE = Automatic;
				DEVELOPMENT_TEAM = C7U3SC7QDD;
				INFOPLIST_FILE = "Gnomo Quizz/Info.plist";
				LD_RUNPATH_SEARCH_PATHS = (
					"$(inherited)",
					"@executable_path/Frameworks",
				);
				PRODUCT_BUNDLE_IDENTIFIER = "com.elgnomo..Gnomo-Quizz";
				PRODUCT_NAME = "$(TARGET_NAME)";
				SWIFT_VERSION = 4.0;
				TARGETED_DEVICE_FAMILY = "1,2";
			};
			name = Debug;
		};
		103647472186C2FB00A7673B /* Release */ = {
			isa = XCBuildConfiguration;
			buildSettings = {
				ASSETCATALOG_COMPILER_APPICON_NAME = AppIcon;
				CODE_SIGN_STYLE = Automatic;
				DEVELOPMENT_TEAM = C7U3SC7QDD;
				INFOPLIST_FILE = "Gnomo Quizz/Info.plist";
				LD_RUNPATH_SEARCH_PATHS = (
					"$(inherited)",
					"@executable_path/Frameworks",
				);
				PRODUCT_BUNDLE_IDENTIFIER = "com.elgnomo..Gnomo-Quizz";
				PRODUCT_NAME = "$(TARGET_NAME)";
				SWIFT_VERSION = 4.0;
				TARGETED_DEVICE_FAMILY = "1,2";
			};
			name = Release;
		};
		103647492186C2FB00A7673B /* Debug */ = {
			isa = XCBuildConfiguration;
			buildSettings = {
				ALWAYS_EMBED_SWIFT_STANDARD_LIBRARIES = YES;
				BUNDLE_LOADER = "$(TEST_HOST)";
				CODE_SIGN_STYLE = Automatic;
				DEVELOPMENT_TEAM = C7U3SC7QDD;
				INFOPLIST_FILE = "Gnomo QuizzTests/Info.plist";
				LD_RUNPATH_SEARCH_PATHS = (
					"$(inherited)",
					"@executable_path/Frameworks",
					"@loader_path/Frameworks",
				);
				PRODUCT_BUNDLE_IDENTIFIER = "com.elgnomo..Gnomo-QuizzTests";
				PRODUCT_NAME = "$(TARGET_NAME)";
				SWIFT_VERSION = 4.0;
				TARGETED_DEVICE_FAMILY = "1,2";
				TEST_HOST = "$(BUILT_PRODUCTS_DIR)/Gnomo Quizz.app/Gnomo Quizz";
			};
			name = Debug;
		};
		1036474A2186C2FB00A7673B /* Release */ = {
			isa = XCBuildConfiguration;
			buildSettings = {
				ALWAYS_EMBED_SWIFT_STANDARD_LIBRARIES = YES;
				BUNDLE_LOADER = "$(TEST_HOST)";
				CODE_SIGN_STYLE = Automatic;
				DEVELOPMENT_TEAM = C7U3SC7QDD;
				INFOPLIST_FILE = "Gnomo QuizzTests/Info.plist";
				LD_RUNPATH_SEARCH_PATHS = (
					"$(inherited)",
					"@executable_path/Frameworks",
					"@loader_path/Frameworks",
				);
				PRODUCT_BUNDLE_IDENTIFIER = "com.elgnomo..Gnomo-QuizzTests";
				PRODUCT_NAME = "$(TARGET_NAME)";
				SWIFT_VERSION = 4.0;
				TARGETED_DEVICE_FAMILY = "1,2";
				TEST_HOST = "$(BUILT_PRODUCTS_DIR)/Gnomo Quizz.app/Gnomo Quizz";
			};
			name = Release;
		};
/* End XCBuildConfiguration section */

/* Begin XCConfigurationList section */
		103647232186C2F100A7673B /* Build configuration list for PBXProject "Gnomo Quizz" */ = {
			isa = XCConfigurationList;
			buildConfigurations = (
				103647432186C2FB00A7673B /* Debug */,
				103647442186C2FB00A7673B /* Release */,
			);
			defaultConfigurationIsVisible = 0;
			defaultConfigurationName = Release;
		};
		103647452186C2FB00A7673B /* Build configuration list for PBXNativeTarget "Gnomo Quizz" */ = {
			isa = XCConfigurationList;
			buildConfigurations = (
				103647462186C2FB00A7673B /* Debug */,
				103647472186C2FB00A7673B /* Release */,
			);
			defaultConfigurationIsVisible = 0;
			defaultConfigurationName = Release;
		};
		103647482186C2FB00A7673B /* Build configuration list for PBXNativeTarget "Gnomo QuizzTests" */ = {
			isa = XCConfigurationList;
			buildConfigurations = (
				103647492186C2FB00A7673B /* Debug */,
				1036474A2186C2FB00A7673B /* Release */,
			);
			defaultConfigurationIsVisible = 0;
			defaultConfigurationName = Release;
		};
/* End XCConfigurationList section */
	};
	rootObject = 103647202186C2F100A7673B /* Project object */;
}
